
Microsoft Visual Studio Solution File, Format Version 9.00
# Visual Studio 2005
Project("{FAE04EC0-301F-11D3-BF4B-00C04F79EFBC}") = "Rift", "Rift.csproj", "{08B8458D-190C-4F27-9316-B6DAC011C2E0}"
EndProject
Global
	GlobalSection(SolutionConfigurationPlatforms) = preSolution
		Debug|Any CPU = Debug|Any CPU
		Release|Any CPU = Release|Any CPU
	EndGlobalSection
	GlobalSection(ProjectConfigurationPlatforms) = postSolution
		{08B8458D-190C-4F27-9316-B6DAC011C2E0}.Debug|Any CPU.ActiveCfg = Debug|Any CPU
		{08B8458D-190C-4F27-9316-B6DAC011C2E0}.Debug|Any CPU.Build.0 = Debug|Any CPU
		{08B8458D-190C-4F27-9316-B6DAC011C2E0}.Release|Any CPU.ActiveCfg = Release|Any CPU
		{08B8458D-190C-4F27-9316-B6DAC011C2E0}.Release|Any CPU.Build.0 = Release|Any CPU
	EndGlobalSection
	GlobalSection(SolutionProperties) = preSolution
		HideSolutionNode = FALSE
	EndGlobalSection
EndGlobal
